{
    "name": "honkit-plugin-tooltips",
    "version": "file:../../../levin-honkit-plugins/honkit-plugin-tooltips",
    "lockfileVersion": 3,
    "requires": true,
    "packages": {
        "": {
            "version": "0.0.1",
            "engines": {
                "honkit": ">=5.1.4"
            }
        }
    }
}
